
Microsoft Visual Studio Solution File, Format Version 12.00
# Visual Studio Version 16
VisualStudioVersion = 16.0.31025.194
MinimumVisualStudioVersion = 10.0.40219.1
Project("{FAE04EC0-301F-11D3-BF4B-00C04F79EFBC}") = "QuanLyThuVien", "QuanLyThuVien.csproj", "{FC9BFA14-00CB-4091-B382-C81482026AA4}"
EndProject
Global
	GlobalSection(SolutionConfigurationPlatforms) = preSolution
		Debug|Any CPU = Debug|Any CPU
		Release|Any CPU = Release|Any CPU
	EndGlobalSection
	GlobalSection(ProjectConfigurationPlatforms) = postSolution
		{FC9BFA14-00CB-4091-B382-C81482026AA4}.Debug|Any CPU.ActiveCfg = Debug|Any CPU
		{FC9BFA14-00CB-4091-B382-C81482026AA4}.Debug|Any CPU.Build.0 = Debug|Any CPU
		{FC9BFA14-00CB-4091-B382-C81482026AA4}.Release|Any CPU.ActiveCfg = Release|Any CPU
		{FC9BFA14-00CB-4091-B382-C81482026AA4}.Release|Any CPU.Build.0 = Release|Any CPU
	EndGlobalSection
	GlobalSection(SolutionProperties) = preSolution
		HideSolutionNode = FALSE
	EndGlobalSection
	GlobalSection(ExtensibilityGlobals) = postSolution
		SolutionGuid = {76E9F206-9D78-4B6A-94FC-631DA815FCB2}
	EndGlobalSection
EndGlobal
